
Microsoft Visual Studio Solution File, Format Version 12.00
# Visual Studio Version 17
VisualStudioVersion = 17.10.35013.160
MinimumVisualStudioVersion = 10.0.40219.1
Project("{9A19103F-16F7-4668-BE54-9A1E7A4F7556}") = "UI Tests", "UI Tests\UI Tests.csproj", "{EF9CC974-3E55-4E3D-A0A5-71C53FCE275D}"
EndProject
Project("{FAE04EC0-301F-11D3-BF4B-00C04F79EFBC}") = "API Tests", "API Tests\API Tests.csproj", "{1A2F03C3-0753-4B5C-B886-4314217D2A47}"
EndProject
Global
	GlobalSection(SolutionConfigurationPlatforms) = preSolution
		Debug|Any CPU = Debug|Any CPU
		Release|Any CPU = Release|Any CPU
	EndGlobalSection
	GlobalSection(ProjectConfigurationPlatforms) = postSolution
		{EF9CC974-3E55-4E3D-A0A5-71C53FCE275D}.Debug|Any CPU.ActiveCfg = Debug|Any CPU
		{EF9CC974-3E55-4E3D-A0A5-71C53FCE275D}.Debug|Any CPU.Build.0 = Debug|Any CPU
		{EF9CC974-3E55-4E3D-A0A5-71C53FCE275D}.Release|Any CPU.ActiveCfg = Release|Any CPU
		{EF9CC974-3E55-4E3D-A0A5-71C53FCE275D}.Release|Any CPU.Build.0 = Release|Any CPU
		{1A2F03C3-0753-4B5C-B886-4314217D2A47}.Debug|Any CPU.ActiveCfg = Debug|Any CPU
		{1A2F03C3-0753-4B5C-B886-4314217D2A47}.Debug|Any CPU.Build.0 = Debug|Any CPU
		{1A2F03C3-0753-4B5C-B886-4314217D2A47}.Release|Any CPU.ActiveCfg = Release|Any CPU
		{1A2F03C3-0753-4B5C-B886-4314217D2A47}.Release|Any CPU.Build.0 = Release|Any CPU
	EndGlobalSection
	GlobalSection(SolutionProperties) = preSolution
		HideSolutionNode = FALSE
	EndGlobalSection
	GlobalSection(ExtensibilityGlobals) = postSolution
		SolutionGuid = {228A6407-30E0-4B62-9E0E-B92D2156CD04}
	EndGlobalSection
EndGlobal
